
Microsoft Visual Studio Solution File, Format Version 12.00
# Visual Studio 2012
Project("{FAE04EC0-301F-11D3-BF4B-00C04F79EFBC}") = "MonopolyDealServer", "MonopolyDealServer\MonopolyDealServer.csproj", "{8CBBB051-448E-4D46-B7EE-47510712BA27}"
EndProject
Global
	GlobalSection(SolutionConfigurationPlatforms) = preSolution
		Debug|Any CPU = Debug|Any CPU
		Release|Any CPU = Release|Any CPU
	EndGlobalSection
	GlobalSection(ProjectConfigurationPlatforms) = postSolution
		{8CBBB051-448E-4D46-B7EE-47510712BA27}.Debug|Any CPU.ActiveCfg = Debug|Any CPU
		{8CBBB051-448E-4D46-B7EE-47510712BA27}.Debug|Any CPU.Build.0 = Debug|Any CPU
		{8CBBB051-448E-4D46-B7EE-47510712BA27}.Release|Any CPU.ActiveCfg = Release|Any CPU
		{8CBBB051-448E-4D46-B7EE-47510712BA27}.Release|Any CPU.Build.0 = Release|Any CPU
	EndGlobalSection
	GlobalSection(SolutionProperties) = preSolution
		HideSolutionNode = FALSE
	EndGlobalSection
EndGlobal
